
Microsoft Visual Studio Solution File, Format Version 12.00
# Visual Studio Version 16
VisualStudioVersion = 16.6.30114.105
MinimumVisualStudioVersion = 10.0.40219.1
Project("{2150E333-8FDC-42A3-9474-1A3956D46DE8}") = "EnviarCorreo", "EnviarCorreo", "{845925B5-548E-4C96-96F5-CDFF8B96D87B}"
EndProject
Project("{FAE04EC0-301F-11D3-BF4B-00C04F79EFBC}") = "EmailServiceCliente", "EnviarCorreo\EmailServiceCliente\EmailServiceCliente.csproj", "{D59A2A74-E561-47DD-9A3D-7B03AFC073BE}"
EndProject
Project("{FAE04EC0-301F-11D3-BF4B-00C04F79EFBC}") = "EmailService", "EnviarCorreo\EmailService\EmailService.csproj", "{0A1034A9-7748-42E4-9D4D-37E581546EF0}"
EndProject
Global
	GlobalSection(SolutionConfigurationPlatforms) = preSolution
		Debug|Any CPU = Debug|Any CPU
		Debug|x64 = Debug|x64
		Debug|x86 = Debug|x86
		Release|Any CPU = Release|Any CPU
		Release|x64 = Release|x64
		Release|x86 = Release|x86
	EndGlobalSection
	GlobalSection(SolutionProperties) = preSolution
		HideSolutionNode = FALSE
	EndGlobalSection
	GlobalSection(ProjectConfigurationPlatforms) = postSolution
		{D59A2A74-E561-47DD-9A3D-7B03AFC073BE}.Debug|Any CPU.ActiveCfg = Debug|Any CPU
		{D59A2A74-E561-47DD-9A3D-7B03AFC073BE}.Debug|Any CPU.Build.0 = Debug|Any CPU
		{D59A2A74-E561-47DD-9A3D-7B03AFC073BE}.Debug|x64.ActiveCfg = Debug|Any CPU
		{D59A2A74-E561-47DD-9A3D-7B03AFC073BE}.Debug|x64.Build.0 = Debug|Any CPU
		{D59A2A74-E561-47DD-9A3D-7B03AFC073BE}.Debug|x86.ActiveCfg = Debug|Any CPU
		{D59A2A74-E561-47DD-9A3D-7B03AFC073BE}.Debug|x86.Build.0 = Debug|Any CPU
		{D59A2A74-E561-47DD-9A3D-7B03AFC073BE}.Release|Any CPU.ActiveCfg = Release|Any CPU
		{D59A2A74-E561-47DD-9A3D-7B03AFC073BE}.Release|Any CPU.Build.0 = Release|Any CPU
		{D59A2A74-E561-47DD-9A3D-7B03AFC073BE}.Release|x64.ActiveCfg = Release|Any CPU
		{D59A2A74-E561-47DD-9A3D-7B03AFC073BE}.Release|x64.Build.0 = Release|Any CPU
		{D59A2A74-E561-47DD-9A3D-7B03AFC073BE}.Release|x86.ActiveCfg = Release|Any CPU
		{D59A2A74-E561-47DD-9A3D-7B03AFC073BE}.Release|x86.Build.0 = Release|Any CPU
		{0A1034A9-7748-42E4-9D4D-37E581546EF0}.Debug|Any CPU.ActiveCfg = Debug|Any CPU
		{0A1034A9-7748-42E4-9D4D-37E581546EF0}.Debug|Any CPU.Build.0 = Debug|Any CPU
		{0A1034A9-7748-42E4-9D4D-37E581546EF0}.Debug|x64.ActiveCfg = Debug|Any CPU
		{0A1034A9-7748-42E4-9D4D-37E581546EF0}.Debug|x64.Build.0 = Debug|Any CPU
		{0A1034A9-7748-42E4-9D4D-37E581546EF0}.Debug|x86.ActiveCfg = Debug|Any CPU
		{0A1034A9-7748-42E4-9D4D-37E581546EF0}.Debug|x86.Build.0 = Debug|Any CPU
		{0A1034A9-7748-42E4-9D4D-37E581546EF0}.Release|Any CPU.ActiveCfg = Release|Any CPU
		{0A1034A9-7748-42E4-9D4D-37E581546EF0}.Release|Any CPU.Build.0 = Release|Any CPU
		{0A1034A9-7748-42E4-9D4D-37E581546EF0}.Release|x64.ActiveCfg = Release|Any CPU
		{0A1034A9-7748-42E4-9D4D-37E581546EF0}.Release|x64.Build.0 = Release|Any CPU
		{0A1034A9-7748-42E4-9D4D-37E581546EF0}.Release|x86.ActiveCfg = Release|Any CPU
		{0A1034A9-7748-42E4-9D4D-37E581546EF0}.Release|x86.Build.0 = Release|Any CPU
	EndGlobalSection
	GlobalSection(NestedProjects) = preSolution
		{D59A2A74-E561-47DD-9A3D-7B03AFC073BE} = {845925B5-548E-4C96-96F5-CDFF8B96D87B}
		{0A1034A9-7748-42E4-9D4D-37E581546EF0} = {845925B5-548E-4C96-96F5-CDFF8B96D87B}
	EndGlobalSection
EndGlobal
